# THIS IS AN AUTOGENERATED FILE. DO NOT EDIT THIS FILE DIRECTLY.
# yarn lockfile v1


"@citizenfx/client@^2.0.7669-1":
  version "2.0.7669-1"
  resolved "https://registry.yarnpkg.com/@citizenfx/client/-/client-2.0.7669-1.tgz#3d75b36c18cb6ffc1cc06f0e05cc496862edccfa"
  integrity sha512-yhbcAGnzc5/cB12fvMEHDJa5S4z+dMJ9TMKgaUJtoIpPqdbeoHvKUFJpS/nJ7n+CxdS2Ti/sepYxsihhOsomcg==

"@citizenfx/server@^2.0.7669-1":
  version "2.0.7669-1"
  resolved "https://registry.yarnpkg.com/@citizenfx/server/-/server-2.0.7669-1.tgz#8262560e4876310acbf215580554a0160a6ec811"
  integrity sha512-z8ngoVtFS110B0P4zv0DPaWWD+/eNiSzTPr6f5YGwO2O5PlWxl3ZC5qmu6kJObQRn+OR3T8+CSRojTcRHqEVAw==

"@types/node@^16.0.0":
  version "16.18.96"
  resolved "https://registry.yarnpkg.com/@types/node/-/node-16.18.96.tgz#eb0012d23ff53d14d64ec8a352bf89792de6aade"
  integrity sha512-84iSqGXoO+Ha16j8pRZ/L90vDMKX04QTYMTfYeE1WrjWaZXuchBehGUZEpNgx7JnmlrIHdnABmpjrQjhCnNldQ==
